
Microsoft Visual Studio Solution File, Format Version 12.00
# Visual Studio Version 17
VisualStudioVersion = 17.7.34202.233
MinimumVisualStudioVersion = 10.0.40219.1
Project("{FAE04EC0-301F-11D3-BF4B-00C04F79EFBC}") = "Exception Handeling H1", "Exception Handeling H1\Exception Handeling H1.csproj", "{009DA691-4C9A-484C-8DE4-5F5EC776BD9A}"
EndProject
Global
	GlobalSection(SolutionConfigurationPlatforms) = preSolution
		Debug|Any CPU = Debug|Any CPU
		Release|Any CPU = Release|Any CPU
	EndGlobalSection
	GlobalSection(ProjectConfigurationPlatforms) = postSolution
		{009DA691-4C9A-484C-8DE4-5F5EC776BD9A}.Debug|Any CPU.ActiveCfg = Debug|Any CPU
		{009DA691-4C9A-484C-8DE4-5F5EC776BD9A}.Debug|Any CPU.Build.0 = Debug|Any CPU
		{009DA691-4C9A-484C-8DE4-5F5EC776BD9A}.Release|Any CPU.ActiveCfg = Release|Any CPU
		{009DA691-4C9A-484C-8DE4-5F5EC776BD9A}.Release|Any CPU.Build.0 = Release|Any CPU
	EndGlobalSection
	GlobalSection(SolutionProperties) = preSolution
		HideSolutionNode = FALSE
	EndGlobalSection
	GlobalSection(ExtensibilityGlobals) = postSolution
		SolutionGuid = {8B07354A-8DE6-4182-A3AA-E306993DF53C}
	EndGlobalSection
EndGlobal
