
Microsoft Visual Studio Solution File, Format Version 12.00
# Visual Studio Version 17
VisualStudioVersion = 17.7.34221.43
MinimumVisualStudioVersion = 10.0.40219.1
Project("{FAE04EC0-301F-11D3-BF4B-00C04F79EFBC}") = "OOP Spotifly School", "OOP Spotifly School\OOP Spotifly School.csproj", "{907F3908-BD56-4821-AD53-5778FC506C24}"
EndProject
Global
	GlobalSection(SolutionConfigurationPlatforms) = preSolution
		Debug|Any CPU = Debug|Any CPU
		Release|Any CPU = Release|Any CPU
	EndGlobalSection
	GlobalSection(ProjectConfigurationPlatforms) = postSolution
		{907F3908-BD56-4821-AD53-5778FC506C24}.Debug|Any CPU.ActiveCfg = Debug|Any CPU
		{907F3908-BD56-4821-AD53-5778FC506C24}.Debug|Any CPU.Build.0 = Debug|Any CPU
		{907F3908-BD56-4821-AD53-5778FC506C24}.Release|Any CPU.ActiveCfg = Release|Any CPU
		{907F3908-BD56-4821-AD53-5778FC506C24}.Release|Any CPU.Build.0 = Release|Any CPU
	EndGlobalSection
	GlobalSection(SolutionProperties) = preSolution
		HideSolutionNode = FALSE
	EndGlobalSection
	GlobalSection(ExtensibilityGlobals) = postSolution
		SolutionGuid = {DA93E257-56B9-4623-B163-42FB7A7E8D57}
	EndGlobalSection
EndGlobal
