
Microsoft Visual Studio Solution File, Format Version 12.00
# Visual Studio Version 17
VisualStudioVersion = 17.7.34202.233
MinimumVisualStudioVersion = 10.0.40219.1
Project("{FAE04EC0-301F-11D3-BF4B-00C04F79EFBC}") = "Hangman H1", "Hangman H1\Hangman H1.csproj", "{11CB5E08-01F2-48E7-AEF2-39AC975F4C49}"
EndProject
Global
	GlobalSection(SolutionConfigurationPlatforms) = preSolution
		Debug|Any CPU = Debug|Any CPU
		Release|Any CPU = Release|Any CPU
	EndGlobalSection
	GlobalSection(ProjectConfigurationPlatforms) = postSolution
		{11CB5E08-01F2-48E7-AEF2-39AC975F4C49}.Debug|Any CPU.ActiveCfg = Debug|Any CPU
		{11CB5E08-01F2-48E7-AEF2-39AC975F4C49}.Debug|Any CPU.Build.0 = Debug|Any CPU
		{11CB5E08-01F2-48E7-AEF2-39AC975F4C49}.Release|Any CPU.ActiveCfg = Release|Any CPU
		{11CB5E08-01F2-48E7-AEF2-39AC975F4C49}.Release|Any CPU.Build.0 = Release|Any CPU
	EndGlobalSection
	GlobalSection(SolutionProperties) = preSolution
		HideSolutionNode = FALSE
	EndGlobalSection
	GlobalSection(ExtensibilityGlobals) = postSolution
		SolutionGuid = {B7BF9DC2-AA95-4646-9F12-313BE268A451}
	EndGlobalSection
EndGlobal
